// !$*UTF8*$!
{
	archiveVersion = 1;
	classes = {
	};
	objectVersion = 46;
	objects = {

/* Begin PBXBuildFile section */
		175FC5431E003160007196B4 /* AppDelegate.swift in Sources */ = {isa = PBXBuildFile; fileRef = 175FC5421E003160007196B4 /* AppDelegate.swift */; };
		175FC5451E003160007196B4 /* ViewController.swift in Sources */ = {isa = PBXBuildFile; fileRef = 175FC5441E003160007196B4 /* ViewController.swift */; };
		175FC5471E003160007196B4 /* Assets.xcassets in Resources */ = {isa = PBXBuildFile; fileRef = 175FC5461E003160007196B4 /* Assets.xcassets */; };
		175FC54A1E003160007196B4 /* Main.storyboard in Resources */ = {isa = PBXBuildFile; fileRef = 175FC5481E003160007196B4 /* Main.storyboard */; };
/* End PBXBuildFile section */

/* Begin PBXFileReference section */
		175FC53F1E003160007196B4 /* Mensaplan TUM.app */ = {isa = PBXFileReference; explicitFileType = wrapper.application; includeInIndex = 0; path = "Mensaplan TUM.app"; sourceTree = BUILT_PRODUCTS_DIR; };
		175FC5421E003160007196B4 /* AppDelegate.swift */ = {isa = PBXFileReference; lastKnownFileType = sourcecode.swift; path = AppDelegate.swift; sourceTree = "<group>"; };
		175FC5441E003160007196B4 /* ViewController.swift */ = {isa = PBXFileReference; lastKnownFileType = sourcecode.swift; path = ViewController.swift; sourceTree = "<group>"; };
		175FC5461E003160007196B4 /* Assets.xcassets */ = {isa = PBXFileReference; lastKnownFileType = folder.assetcatalog; path = Assets.xcassets; sourceTree = "<group>"; };
		175FC5491E003160007196B4 /* Base */ = {isa = PBXFileReference; lastKnownFileType = file.storyboard; name = Base; path = Base.lproj/Main.storyboard; sourceTree = "<group>"; };
		175FC54B1E003160007196B4 /* Info.plist */ = {isa = PBXFileReference; lastKnownFileType = text.plist.xml; path = Info.plist; sourceTree = "<group>"; };
/* End PBXFileReference section */

/* Begin PBXFrameworksBuildPhase section */
		175FC53C1E003160007196B4 /* Frameworks */ = {
			isa = PBXFrameworksBuildPhase;
			buildActionMask = 2147483647;
			files = (
			);
			runOnlyForDeploymentPostprocessing = 0;
		};
/* End PBXFrameworksBuildPhase section */

/* Begin PBXGroup section */
		175FC5361E003160007196B4 = {
			isa = PBXGroup;
			children = (
				175FC5411E003160007196B4 /* Mensaplan TUM */,
				175FC5401E003160007196B4 /* Products */,
			);
			sourceTree = "<group>";
		};
		175FC5401E003160007196B4 /* Products */ = {
			isa = PBXGroup;
			children = (
				175FC53F1E003160007196B4 /* Mensaplan TUM.app */,
			);
			name = Products;
			sourceTree = "<group>";
		};
		175FC5411E003160007196B4 /* Mensaplan TUM */ = {
			isa = PBXGroup;
			children = (
				175FC5421E003160007196B4 /* AppDelegate.swift */,
				175FC5441E003160007196B4 /* ViewController.swift */,
				175FC5461E003160007196B4 /* Assets.xcassets */,
				175FC5481E003160007196B4 /* Main.storyboard */,
				175FC54B1E003160007196B4 /* Info.plist */,
			);
			path = "Mensaplan TUM";
			sourceTree = "<group>";
		};
/* End PBXGroup section */

/* Begin PBXNativeTarget section */
		175FC53E1E003160007196B4 /* Mensaplan TUM */ = {
			isa = PBXNativeTarget;
			buildConfigurationList = 175FC54E1E003160007196B4 /* Build configuration list for PBXNativeTarget "Mensaplan TUM" */;
			buildPhases = (
				175FC53B1E003160007196B4 /* Sources */,
				175FC53C1E003160007196B4 /* Frameworks */,
				175FC53D1E003160007196B4 /* Resources */,
			);
			buildRules = (
			);
			dependencies = (
			);
			name = "Mensaplan TUM";
			productName = "Mensaplan TUM";
			productReference = 175FC53F1E003160007196B4 /* Mensaplan TUM.app */;
			productType = "com.apple.product-type.application";
		};
/* End PBXNativeTarget section */

/* Begin PBXProject section */
		175FC5371E003160007196B4 /* Project object */ = {
			isa = PBXProject;
			attributes = {
				LastSwiftUpdateCheck = 0800;
				LastUpgradeCheck = 0800;
				ORGANIZATIONNAME = "florian schweizer";
				TargetAttributes = {
					175FC53E1E003160007196B4 = {
						CreatedOnToolsVersion = 8.0;
						DevelopmentTeam = 6YDE2UY2S5;
						ProvisioningStyle = Automatic;
					};
				};
			};
			buildConfigurationList = 175FC53A1E003160007196B4 /* Build configuration list for PBXProject "Mensaplan TUM" */;
			compatibilityVersion = "Xcode 3.2";
			developmentRegion = English;
			hasScannedForEncodings = 0;
			knownRegions = (
				en,
				Base,
			);
			mainGroup = 175FC5361E003160007196B4;
			productRefGroup = 175FC5401E003160007196B4 /* Products */;
			projectDirPath = "";
			projectRoot = "";
			targets = (
				175FC53E1E003160007196B4 /* Mensaplan TUM */,
			);
		};
/* End PBXProject section */

/* Begin PBXResourcesBuildPhase section */
		175FC53D1E003160007196B4 /* Resources */ = {
			isa = PBXResourcesBuildPhase;
			buildActionMask = 2147483647;
			files = (
				175FC5471E003160007196B4 /* Assets.xcassets in Resources */,
				175FC54A1E003160007196B4 /* Main.storyboard in Resources */,
			);
			runOnlyForDeploymentPostprocessing = 0;
		};
/* End PBXResourcesBuildPhase section */

/* Begin PBXSourcesBuildPhase section */
		175FC53B1E003160007196B4 /* Sources */ = {
			isa = PBXSourcesBuildPhase;
			buildActionMask = 2147483647;
			files = (
				175FC5451E003160007196B4 /* ViewController.swift in Sources */,
				175FC5431E003160007196B4 /* AppDelegate.swift in Sources */,
			);
			runOnlyForDeploymentPostprocessing = 0;
		};
/* End PBXSourcesBuildPhase section */

/* Begin PBXVariantGroup section */
		175FC5481E003160007196B4 /* Main.storyboard */ = {
			isa = PBXVariantGroup;
			children = (
				175FC5491E003160007196B4 /* Base */,
			);
			name = Main.storyboard;
			sourceTree = "<group>";
		};
/* End PBXVariantGroup section */

/* Begin XCBuildConfiguration section */
		175FC54C1E003160007196B4 /* Debug */ = {
			isa = XCBuildConfiguration;
			buildSettings = {
				ALWAYS_SEARCH_USER_PATHS = NO;
				CLANG_ANALYZER_NONNULL = YES;
				CLANG_CXX_LANGUAGE_STANDARD = "gnu++0x";
				CLANG_CXX_LIBRARY = "libc++";
				CLANG_ENABLE_MODULES = YES;
				CLANG_ENABLE_OBJC_ARC = YES;
				CLANG_WARN_BOOL_CONVERSION = YES;
				CLANG_WARN_CONSTANT_CONVERSION = YES;
				CLANG_WARN_DIRECT_OBJC_ISA_USAGE = YES_ERROR;
				CLANG_WARN_DOCUMENTATION_COMMENTS = YES;
				CLANG_WARN_EMPTY_BODY = YES;
				CLANG_WARN_ENUM_CONVERSION = YES;
				CLANG_WARN_INFINITE_RECURSION = YES;
				CLANG_WARN_INT_CONVERSION = YES;
				CLANG_WARN_OBJC_ROOT_CLASS = YES_ERROR;
				CLANG_WARN_SUSPICIOUS_MOVES = YES;
				CLANG_WARN_UNREACHABLE_CODE = YES;
				CLANG_WARN__DUPLICATE_METHOD_MATCH = YES;
				CODE_SIGN_IDENTITY = "-";
				COPY_PHASE_STRIP = NO;
				DEBUG_INFORMATION_FORMAT = dwarf;
				ENABLE_STRICT_OBJC_MSGSEND = YES;
				ENABLE_TESTABILITY = YES;
				GCC_C_LANGUAGE_STANDARD = gnu99;
				GCC_DYNAMIC_NO_PIC = NO;
				GCC_NO_COMMON_BLOCKS = YES;
				GCC_OPTIMIZATION_LEVEL = 0;
				GCC_PREPROCESSOR_DEFINITIONS = (
					"DEBUG=1",
					"$(inherited)",
				);
				GCC_WARN_64_TO_32_BIT_CONVERSION = YES;
				GCC_WARN_ABOUT_RETURN_TYPE = YES_ERROR;
				GCC_WARN_UNDECLARED_SELECTOR = YES;
				GCC_WARN_UNINITIALIZED_AUTOS = YES_AGGRESSIVE;
				GCC_WARN_UNUSED_FUNCTION = YES;
				GCC_WARN_UNUSED_VARIABLE = YES;
				MACOSX_DEPLOYMENT_TARGET = 10.12;
				MTL_ENABLE_DEBUG_INFO = YES;
				ONLY_ACTIVE_ARCH = YES;
				SDKROOT = macosx;
				SWIFT_ACTIVE_COMPILATION_CONDITIONS = DEBUG;
				SWIFT_OPTIMIZATION_LEVEL = "-Onone";
			};
			name = Debug;
		};
		175FC54D1E003160007196B4 /* Release */ = {
			isa = XCBuildConfiguration;
			buildSettings = {
				ALWAYS_SEARCH_USER_PATHS = NO;
				CLANG_ANALYZER_NONNULL = YES;
				CLANG_CXX_LANGUAGE_STANDARD = "gnu++0x";
				CLANG_CXX_LIBRARY = "libc++";
				CLANG_ENABLE_MODULES = YES;
				CLANG_ENABLE_OBJC_ARC = YES;
				CLANG_WARN_BOOL_CONVERSION = YES;
				CLANG_WARN_CONSTANT_CONVERSION = YES;
				CLANG_WARN_DIRECT_OBJC_ISA_USAGE = YES_ERROR;
				CLANG_WARN_DOCUMENTATION_COMMENTS = YES;
				CLANG_WARN_EMPTY_BODY = YES;
				CLANG_WARN_ENUM_CONVERSION = YES;
				CLANG_WARN_INFINITE_RECURSION = YES;
				CLANG_WARN_INT_CONVERSION = YES;
				CLANG_WARN_OBJC_ROOT_CLASS = YES_ERROR;
				CLANG_WARN_SUSPICIOUS_MOVES = YES;
				CLANG_WARN_UNREACHABLE_CODE = YES;
				CLANG_WARN__DUPLICATE_METHOD_MATCH = YES;
				CODE_SIGN_IDENTITY = "-";
				COPY_PHASE_STRIP = NO;
				DEBUG_INFORMATION_FORMAT = "dwarf-with-dsym";
				ENABLE_NS_ASSERTIONS = NO;
				ENABLE_STRICT_OBJC_MSGSEND = YES;
				GCC_C_LANGUAGE_STANDARD = gnu99;
				GCC_NO_COMMON_BLOCKS = YES;
				GCC_WARN_64_TO_32_BIT_CONVERSION = YES;
				GCC_WARN_ABOUT_RETURN_TYPE = YES_ERROR;
				GCC_WARN_UNDECLARED_SELECTOR = YES;
				GCC_WARN_UNINITIALIZED_AUTOS = YES_AGGRESSIVE;
				GCC_WARN_UNUSED_FUNCTION = YES;
				GCC_WARN_UNUSED_VARIABLE = YES;
				MACOSX_DEPLOYMENT_TARGET = 10.12;
				MTL_ENABLE_DEBUG_INFO = NO;
				SDKROOT = macosx;
				SWIFT_OPTIMIZATION_LEVEL = "-Owholemodule";
			};
			name = Release;
		};
		175FC54F1E003160007196B4 /* Debug */ = {
			isa = XCBuildConfiguration;
			buildSettings = {
				ASSETCATALOG_COMPILER_APPICON_NAME = AppIcon;
				COMBINE_HIDPI_IMAGES = YES;
				DEVELOPMENT_TEAM = 6YDE2UY2S5;
				INFOPLIST_FILE = "Mensaplan TUM/Info.plist";
				LD_RUNPATH_SEARCH_PATHS = "$(inherited) @executable_path/../Frameworks";
				PRODUCT_BUNDLE_IDENTIFIER = "fschweizer.com.Mensaplan-TUM";
				PRODUCT_NAME = "$(TARGET_NAME)";
				SWIFT_VERSION = 3.0;
			};
			name = Debug;
		};
		175FC5501E003160007196B4 /* Release */ = {
			isa = XCBuildConfiguration;
			buildSettings = {
				ASSETCATALOG_COMPILER_APPICON_NAME = AppIcon;
				COMBINE_HIDPI_IMAGES = YES;
				DEVELOPMENT_TEAM = 6YDE2UY2S5;
				INFOPLIST_FILE = "Mensaplan TUM/Info.plist";
				LD_RUNPATH_SEARCH_PATHS = "$(inherited) @executable_path/../Frameworks";
				PRODUCT_BUNDLE_IDENTIFIER = "fschweizer.com.Mensaplan-TUM";
				PRODUCT_NAME = "$(TARGET_NAME)";
				SWIFT_VERSION = 3.0;
			};
			name = Release;
		};
/* End XCBuildConfiguration section */

/* Begin XCConfigurationList section */
		175FC53A1E003160007196B4 /* Build configuration list for PBXProject "Mensaplan TUM" */ = {
			isa = XCConfigurationList;
			buildConfigurations = (
				175FC54C1E003160007196B4 /* Debug */,
				175FC54D1E003160007196B4 /* Release */,
			);
			defaultConfigurationIsVisible = 0;
			defaultConfigurationName = Release;
		};
		175FC54E1E003160007196B4 /* Build configuration list for PBXNativeTarget "Mensaplan TUM" */ = {
			isa = XCConfigurationList;
			buildConfigurations = (
				175FC54F1E003160007196B4 /* Debug */,
				175FC5501E003160007196B4 /* Release */,
			);
			defaultConfigurationIsVisible = 0;
		};
/* End XCConfigurationList section */
	};
	rootObject = 175FC5371E003160007196B4 /* Project object */;
}
